
Microsoft Visual Studio Solution File, Format Version 12.00
# Visual Studio Version 16
VisualStudioVersion = 16.0.29609.76
MinimumVisualStudioVersion = 10.0.40219.1
Project("{2150E333-8FDC-42A3-9474-1A3956D46DE8}") = "Applications", "Applications", "{F7689A0C-2174-46F4-A822-2C57042B4EB1}"
EndProject
Project("{2150E333-8FDC-42A3-9474-1A3956D46DE8}") = "Context", "Context", "{DF439F39-F2FC-4D61-8AA9-A65225F4699A}"
EndProject
Project("{2150E333-8FDC-42A3-9474-1A3956D46DE8}") = "Tests", "Tests", "{F851369F-8700-4395-B07A-B4BDAB096F87}"
EndProject
Project("{2150E333-8FDC-42A3-9474-1A3956D46DE8}") = "Tests", "Tests", "{B7CEDD0B-F867-47C4-BBD1-A4E4AAD2150A}"
EndProject
Project("{9A19103F-16F7-4668-BE54-9A1E7A4F7556}") = "MyApp.Context.Domain", "MyApp.Context.Domain\MyApp.Context.Domain.csproj", "{E2BC8EBB-CD74-4050-92AF-F910A9676A36}"
EndProject
Project("{9A19103F-16F7-4668-BE54-9A1E7A4F7556}") = "MyApp.Context.Common", "MyApp.Context.Common\MyApp.Context.Common.csproj", "{00DF6307-2FA6-4E45-88EC-31D67FCA4F66}"
EndProject
Project("{9A19103F-16F7-4668-BE54-9A1E7A4F7556}") = "MyApp.Context.SimpleInjector", "MyApp.Context.SimpleInjector\MyApp.Context.SimpleInjector.csproj", "{1ADB0E41-C3CC-4534-92A7-CA2D6C3EFDD9}"
EndProject
Project("{9A19103F-16F7-4668-BE54-9A1E7A4F7556}") = "MyApp.Context.Common.Tests", "MyApp.Context.Common.Tests\MyApp.Context.Common.Tests.csproj", "{11C27696-0BAB-45E3-A104-89F3C64F25BF}"
EndProject
Project("{9A19103F-16F7-4668-BE54-9A1E7A4F7556}") = "MyApp.Context.Domain.Tests", "MyApp.Context.Domain.Tests\MyApp.Context.Domain.Tests.csproj", "{D669993D-91F8-4491-B8EB-30CDA25F5009}"
EndProject
Project("{9A19103F-16F7-4668-BE54-9A1E7A4F7556}") = "MyApp.Context.CQRS.Commands", "MyApp.Context.CQRS.Commands\MyApp.Context.CQRS.Commands.csproj", "{4D5701C1-B776-4A2B-9D35-9FDD09772A4F}"
EndProject
Project("{9A19103F-16F7-4668-BE54-9A1E7A4F7556}") = "MyApp.Context.CQRS.Queries", "MyApp.Context.CQRS.Queries\MyApp.Context.CQRS.Queries.csproj", "{B887A06B-C075-457A-8E86-277BB4747F45}"
EndProject
Project("{9A19103F-16F7-4668-BE54-9A1E7A4F7556}") = "MyApp.Context.CQRS.Commands.Tests", "MyApp.Context.CQRS.Commands.Tests\MyApp.Context.CQRS.Commands.Tests.csproj", "{F2BF8DBB-061E-42FD-927F-8B026EC5F2E1}"
EndProject
Project("{9A19103F-16F7-4668-BE54-9A1E7A4F7556}") = "MyApp.Context.CQRS.Queries.Tests", "MyApp.Context.CQRS.Queries.Tests\MyApp.Context.CQRS.Queries.Tests.csproj", "{5AB0ACA2-084B-4704-BFC7-057E9008FA98}"
EndProject
Project("{9A19103F-16F7-4668-BE54-9A1E7A4F7556}") = "MyApp.Context.Contract.CQRS", "MyApp.Context.Contract.CQRS\MyApp.Context.Contract.CQRS.csproj", "{4949C258-D591-45B2-908D-E5AAA41FB5BE}"
EndProject
Project("{9A19103F-16F7-4668-BE54-9A1E7A4F7556}") = "MyApp.Context.Contract.CQRS.Tests", "MyApp.Context.Contract.CQRS.Tests\MyApp.Context.Contract.CQRS.Tests.csproj", "{3DD14C19-8F93-437B-A06D-634452106C3F}"
EndProject
Project("{9A19103F-16F7-4668-BE54-9A1E7A4F7556}") = "MyApp.WebApi.Contract", "MyApp.WebApi.Contract\MyApp.WebApi.Contract.csproj", "{946E5D37-4AD4-436D-B10D-71483B9F527A}"
EndProject
Project("{9A19103F-16F7-4668-BE54-9A1E7A4F7556}") = "MyApp.WebApi", "MyApp.WebApi\MyApp.WebApi.csproj", "{167841E7-809F-4824-811B-ABDC0B7C2141}"
EndProject
Project("{9A19103F-16F7-4668-BE54-9A1E7A4F7556}") = "MyApp.WebApi.Tests", "MyApp.WebApi.Tests\MyApp.WebApi.Tests.csproj", "{74D0BE12-B397-41BE-8B32-39E2730AEB88}"
EndProject
Project("{FAE04EC0-301F-11D3-BF4B-00C04F79EFBC}") = "MyApp.Context.SimpleInjector.Tests", "MyApp.Context.SimpleInjector.Tests\MyApp.Context.SimpleInjector.Tests.csproj", "{B7074BD4-F2DF-4996-898C-EA1E445FF718}"
EndProject
Global
	GlobalSection(SolutionConfigurationPlatforms) = preSolution
		Debug|Any CPU = Debug|Any CPU
		Release|Any CPU = Release|Any CPU
	EndGlobalSection
	GlobalSection(ProjectConfigurationPlatforms) = postSolution
		{E2BC8EBB-CD74-4050-92AF-F910A9676A36}.Debug|Any CPU.ActiveCfg = Debug|Any CPU
		{E2BC8EBB-CD74-4050-92AF-F910A9676A36}.Debug|Any CPU.Build.0 = Debug|Any CPU
		{E2BC8EBB-CD74-4050-92AF-F910A9676A36}.Release|Any CPU.ActiveCfg = Release|Any CPU
		{E2BC8EBB-CD74-4050-92AF-F910A9676A36}.Release|Any CPU.Build.0 = Release|Any CPU
		{00DF6307-2FA6-4E45-88EC-31D67FCA4F66}.Debug|Any CPU.ActiveCfg = Debug|Any CPU
		{00DF6307-2FA6-4E45-88EC-31D67FCA4F66}.Debug|Any CPU.Build.0 = Debug|Any CPU
		{00DF6307-2FA6-4E45-88EC-31D67FCA4F66}.Release|Any CPU.ActiveCfg = Release|Any CPU
		{00DF6307-2FA6-4E45-88EC-31D67FCA4F66}.Release|Any CPU.Build.0 = Release|Any CPU
		{1ADB0E41-C3CC-4534-92A7-CA2D6C3EFDD9}.Debug|Any CPU.ActiveCfg = Debug|Any CPU
		{1ADB0E41-C3CC-4534-92A7-CA2D6C3EFDD9}.Debug|Any CPU.Build.0 = Debug|Any CPU
		{1ADB0E41-C3CC-4534-92A7-CA2D6C3EFDD9}.Release|Any CPU.ActiveCfg = Release|Any CPU
		{1ADB0E41-C3CC-4534-92A7-CA2D6C3EFDD9}.Release|Any CPU.Build.0 = Release|Any CPU
		{11C27696-0BAB-45E3-A104-89F3C64F25BF}.Debug|Any CPU.ActiveCfg = Debug|Any CPU
		{11C27696-0BAB-45E3-A104-89F3C64F25BF}.Debug|Any CPU.Build.0 = Debug|Any CPU
		{11C27696-0BAB-45E3-A104-89F3C64F25BF}.Release|Any CPU.ActiveCfg = Release|Any CPU
		{11C27696-0BAB-45E3-A104-89F3C64F25BF}.Release|Any CPU.Build.0 = Release|Any CPU
		{D669993D-91F8-4491-B8EB-30CDA25F5009}.Debug|Any CPU.ActiveCfg = Debug|Any CPU
		{D669993D-91F8-4491-B8EB-30CDA25F5009}.Debug|Any CPU.Build.0 = Debug|Any CPU
		{D669993D-91F8-4491-B8EB-30CDA25F5009}.Release|Any CPU.ActiveCfg = Release|Any CPU
		{D669993D-91F8-4491-B8EB-30CDA25F5009}.Release|Any CPU.Build.0 = Release|Any CPU
		{4D5701C1-B776-4A2B-9D35-9FDD09772A4F}.Debug|Any CPU.ActiveCfg = Debug|Any CPU
		{4D5701C1-B776-4A2B-9D35-9FDD09772A4F}.Debug|Any CPU.Build.0 = Debug|Any CPU
		{4D5701C1-B776-4A2B-9D35-9FDD09772A4F}.Release|Any CPU.ActiveCfg = Release|Any CPU
		{4D5701C1-B776-4A2B-9D35-9FDD09772A4F}.Release|Any CPU.Build.0 = Release|Any CPU
		{B887A06B-C075-457A-8E86-277BB4747F45}.Debug|Any CPU.ActiveCfg = Debug|Any CPU
		{B887A06B-C075-457A-8E86-277BB4747F45}.Debug|Any CPU.Build.0 = Debug|Any CPU
		{B887A06B-C075-457A-8E86-277BB4747F45}.Release|Any CPU.ActiveCfg = Release|Any CPU
		{B887A06B-C075-457A-8E86-277BB4747F45}.Release|Any CPU.Build.0 = Release|Any CPU
		{F2BF8DBB-061E-42FD-927F-8B026EC5F2E1}.Debug|Any CPU.ActiveCfg = Debug|Any CPU
		{F2BF8DBB-061E-42FD-927F-8B026EC5F2E1}.Debug|Any CPU.Build.0 = Debug|Any CPU
		{F2BF8DBB-061E-42FD-927F-8B026EC5F2E1}.Release|Any CPU.ActiveCfg = Release|Any CPU
		{F2BF8DBB-061E-42FD-927F-8B026EC5F2E1}.Release|Any CPU.Build.0 = Release|Any CPU
		{5AB0ACA2-084B-4704-BFC7-057E9008FA98}.Debug|Any CPU.ActiveCfg = Debug|Any CPU
		{5AB0ACA2-084B-4704-BFC7-057E9008FA98}.Debug|Any CPU.Build.0 = Debug|Any CPU
		{5AB0ACA2-084B-4704-BFC7-057E9008FA98}.Release|Any CPU.ActiveCfg = Release|Any CPU
		{5AB0ACA2-084B-4704-BFC7-057E9008FA98}.Release|Any CPU.Build.0 = Release|Any CPU
		{4949C258-D591-45B2-908D-E5AAA41FB5BE}.Debug|Any CPU.ActiveCfg = Debug|Any CPU
		{4949C258-D591-45B2-908D-E5AAA41FB5BE}.Debug|Any CPU.Build.0 = Debug|Any CPU
		{4949C258-D591-45B2-908D-E5AAA41FB5BE}.Release|Any CPU.ActiveCfg = Release|Any CPU
		{4949C258-D591-45B2-908D-E5AAA41FB5BE}.Release|Any CPU.Build.0 = Release|Any CPU
		{3DD14C19-8F93-437B-A06D-634452106C3F}.Debug|Any CPU.ActiveCfg = Debug|Any CPU
		{3DD14C19-8F93-437B-A06D-634452106C3F}.Debug|Any CPU.Build.0 = Debug|Any CPU
		{3DD14C19-8F93-437B-A06D-634452106C3F}.Release|Any CPU.ActiveCfg = Release|Any CPU
		{3DD14C19-8F93-437B-A06D-634452106C3F}.Release|Any CPU.Build.0 = Release|Any CPU
		{946E5D37-4AD4-436D-B10D-71483B9F527A}.Debug|Any CPU.ActiveCfg = Debug|Any CPU
		{946E5D37-4AD4-436D-B10D-71483B9F527A}.Debug|Any CPU.Build.0 = Debug|Any CPU
		{946E5D37-4AD4-436D-B10D-71483B9F527A}.Release|Any CPU.ActiveCfg = Release|Any CPU
		{946E5D37-4AD4-436D-B10D-71483B9F527A}.Release|Any CPU.Build.0 = Release|Any CPU
		{167841E7-809F-4824-811B-ABDC0B7C2141}.Debug|Any CPU.ActiveCfg = Debug|Any CPU
		{167841E7-809F-4824-811B-ABDC0B7C2141}.Debug|Any CPU.Build.0 = Debug|Any CPU
		{167841E7-809F-4824-811B-ABDC0B7C2141}.Release|Any CPU.ActiveCfg = Release|Any CPU
		{167841E7-809F-4824-811B-ABDC0B7C2141}.Release|Any CPU.Build.0 = Release|Any CPU
		{74D0BE12-B397-41BE-8B32-39E2730AEB88}.Debug|Any CPU.ActiveCfg = Debug|Any CPU
		{74D0BE12-B397-41BE-8B32-39E2730AEB88}.Debug|Any CPU.Build.0 = Debug|Any CPU
		{74D0BE12-B397-41BE-8B32-39E2730AEB88}.Release|Any CPU.ActiveCfg = Release|Any CPU
		{74D0BE12-B397-41BE-8B32-39E2730AEB88}.Release|Any CPU.Build.0 = Release|Any CPU
		{B7074BD4-F2DF-4996-898C-EA1E445FF718}.Debug|Any CPU.ActiveCfg = Debug|Any CPU
		{B7074BD4-F2DF-4996-898C-EA1E445FF718}.Debug|Any CPU.Build.0 = Debug|Any CPU
		{B7074BD4-F2DF-4996-898C-EA1E445FF718}.Release|Any CPU.ActiveCfg = Release|Any CPU
		{B7074BD4-F2DF-4996-898C-EA1E445FF718}.Release|Any CPU.Build.0 = Release|Any CPU
	EndGlobalSection
	GlobalSection(SolutionProperties) = preSolution
		HideSolutionNode = FALSE
	EndGlobalSection
	GlobalSection(NestedProjects) = preSolution
		{F851369F-8700-4395-B07A-B4BDAB096F87} = {F7689A0C-2174-46F4-A822-2C57042B4EB1}
		{B7CEDD0B-F867-47C4-BBD1-A4E4AAD2150A} = {DF439F39-F2FC-4D61-8AA9-A65225F4699A}
		{E2BC8EBB-CD74-4050-92AF-F910A9676A36} = {DF439F39-F2FC-4D61-8AA9-A65225F4699A}
		{00DF6307-2FA6-4E45-88EC-31D67FCA4F66} = {DF439F39-F2FC-4D61-8AA9-A65225F4699A}
		{1ADB0E41-C3CC-4534-92A7-CA2D6C3EFDD9} = {DF439F39-F2FC-4D61-8AA9-A65225F4699A}
		{11C27696-0BAB-45E3-A104-89F3C64F25BF} = {B7CEDD0B-F867-47C4-BBD1-A4E4AAD2150A}
		{D669993D-91F8-4491-B8EB-30CDA25F5009} = {B7CEDD0B-F867-47C4-BBD1-A4E4AAD2150A}
		{4D5701C1-B776-4A2B-9D35-9FDD09772A4F} = {DF439F39-F2FC-4D61-8AA9-A65225F4699A}
		{B887A06B-C075-457A-8E86-277BB4747F45} = {DF439F39-F2FC-4D61-8AA9-A65225F4699A}
		{F2BF8DBB-061E-42FD-927F-8B026EC5F2E1} = {B7CEDD0B-F867-47C4-BBD1-A4E4AAD2150A}
		{5AB0ACA2-084B-4704-BFC7-057E9008FA98} = {B7CEDD0B-F867-47C4-BBD1-A4E4AAD2150A}
		{4949C258-D591-45B2-908D-E5AAA41FB5BE} = {DF439F39-F2FC-4D61-8AA9-A65225F4699A}
		{3DD14C19-8F93-437B-A06D-634452106C3F} = {B7CEDD0B-F867-47C4-BBD1-A4E4AAD2150A}
		{946E5D37-4AD4-436D-B10D-71483B9F527A} = {F7689A0C-2174-46F4-A822-2C57042B4EB1}
		{167841E7-809F-4824-811B-ABDC0B7C2141} = {F7689A0C-2174-46F4-A822-2C57042B4EB1}
		{74D0BE12-B397-41BE-8B32-39E2730AEB88} = {F851369F-8700-4395-B07A-B4BDAB096F87}
		{B7074BD4-F2DF-4996-898C-EA1E445FF718} = {B7CEDD0B-F867-47C4-BBD1-A4E4AAD2150A}
	EndGlobalSection
	GlobalSection(ExtensibilityGlobals) = postSolution
		SolutionGuid = {FF86531D-D6ED-4610-9A6D-08A55004046C}
	EndGlobalSection
EndGlobal
